
Microsoft Visual Studio Solution File, Format Version 12.00
# Visual Studio Version 17
VisualStudioVersion = 17.4.33103.184
MinimumVisualStudioVersion = 10.0.40219.1
Project("{FAE04EC0-301F-11D3-BF4B-00C04F79EFBC}") = "LibraryManagementSystem.App", "LibraryManagementSystem.App\LibraryManagementSystem.App.csproj", "{800D9885-BA49-4D31-9F54-8CDE46E34299}"
EndProject
Project("{FAE04EC0-301F-11D3-BF4B-00C04F79EFBC}") = "LibraryManagementSystem.Domain", "LibraryManagementSystem.Domain\LibraryManagementSystem.Domain.csproj", "{870CFCA0-0E7F-463F-8527-75BFD38504C1}"
EndProject
Project("{FAE04EC0-301F-11D3-BF4B-00C04F79EFBC}") = "LibraryManagementSystem.Infrastructure", "LibraryManagementSystem.Infrastructure\LibraryManagementSystem.Infrastructure.csproj", "{1BB6657B-089C-4707-9967-F223A75428D1}"
EndProject
Global
	GlobalSection(SolutionConfigurationPlatforms) = preSolution
		Debug|Any CPU = Debug|Any CPU
		Release|Any CPU = Release|Any CPU
	EndGlobalSection
	GlobalSection(ProjectConfigurationPlatforms) = postSolution
		{800D9885-BA49-4D31-9F54-8CDE46E34299}.Debug|Any CPU.ActiveCfg = Debug|Any CPU
		{800D9885-BA49-4D31-9F54-8CDE46E34299}.Debug|Any CPU.Build.0 = Debug|Any CPU
		{800D9885-BA49-4D31-9F54-8CDE46E34299}.Release|Any CPU.ActiveCfg = Release|Any CPU
		{800D9885-BA49-4D31-9F54-8CDE46E34299}.Release|Any CPU.Build.0 = Release|Any CPU
		{870CFCA0-0E7F-463F-8527-75BFD38504C1}.Debug|Any CPU.ActiveCfg = Debug|Any CPU
		{870CFCA0-0E7F-463F-8527-75BFD38504C1}.Debug|Any CPU.Build.0 = Debug|Any CPU
		{870CFCA0-0E7F-463F-8527-75BFD38504C1}.Release|Any CPU.ActiveCfg = Release|Any CPU
		{870CFCA0-0E7F-463F-8527-75BFD38504C1}.Release|Any CPU.Build.0 = Release|Any CPU
		{1BB6657B-089C-4707-9967-F223A75428D1}.Debug|Any CPU.ActiveCfg = Debug|Any CPU
		{1BB6657B-089C-4707-9967-F223A75428D1}.Debug|Any CPU.Build.0 = Debug|Any CPU
		{1BB6657B-089C-4707-9967-F223A75428D1}.Release|Any CPU.ActiveCfg = Release|Any CPU
		{1BB6657B-089C-4707-9967-F223A75428D1}.Release|Any CPU.Build.0 = Release|Any CPU
	EndGlobalSection
	GlobalSection(SolutionProperties) = preSolution
		HideSolutionNode = FALSE
	EndGlobalSection
	GlobalSection(ExtensibilityGlobals) = postSolution
		SolutionGuid = {9C2013D6-7879-4221-B060-30574BE29A33}
	EndGlobalSection
EndGlobal
