
Microsoft Visual Studio Solution File, Format Version 12.00
# Visual Studio Version 17
VisualStudioVersion = 17.4.33103.184
MinimumVisualStudioVersion = 10.0.40219.1
Project("{9A19103F-16F7-4668-BE54-9A1E7A4F7556}") = "LibraryManagementSystem.App", "src\LibraryManagementSystem.App\LibraryManagementSystem.App.csproj", "{0CB04636-084E-4EDA-955B-D0F5316513BD}"
EndProject
Project("{9A19103F-16F7-4668-BE54-9A1E7A4F7556}") = "LibraryManagementSystem.Domain", "src\LibraryManagementSystem.Domain\LibraryManagementSystem.Domain.csproj", "{C29EEEEF-BBC4-492C-BBED-CFA268828ED7}"
EndProject
Project("{9A19103F-16F7-4668-BE54-9A1E7A4F7556}") = "LibraryManagementSystem.Infrastructure", "src\LibraryManagementSystem.Infrastructure\LibraryManagementSystem.Infrastructure.csproj", "{BADC0EE6-4E5A-4B22-A0D5-2472E44184E6}"
EndProject
Global
	GlobalSection(SolutionConfigurationPlatforms) = preSolution
		Debug|Any CPU = Debug|Any CPU
		Release|Any CPU = Release|Any CPU
	EndGlobalSection
	GlobalSection(ProjectConfigurationPlatforms) = postSolution
		{0CB04636-084E-4EDA-955B-D0F5316513BD}.Debug|Any CPU.ActiveCfg = Debug|Any CPU
		{0CB04636-084E-4EDA-955B-D0F5316513BD}.Debug|Any CPU.Build.0 = Debug|Any CPU
		{0CB04636-084E-4EDA-955B-D0F5316513BD}.Release|Any CPU.ActiveCfg = Release|Any CPU
		{0CB04636-084E-4EDA-955B-D0F5316513BD}.Release|Any CPU.Build.0 = Release|Any CPU
		{C29EEEEF-BBC4-492C-BBED-CFA268828ED7}.Debug|Any CPU.ActiveCfg = Debug|Any CPU
		{C29EEEEF-BBC4-492C-BBED-CFA268828ED7}.Debug|Any CPU.Build.0 = Debug|Any CPU
		{C29EEEEF-BBC4-492C-BBED-CFA268828ED7}.Release|Any CPU.ActiveCfg = Release|Any CPU
		{C29EEEEF-BBC4-492C-BBED-CFA268828ED7}.Release|Any CPU.Build.0 = Release|Any CPU
		{BADC0EE6-4E5A-4B22-A0D5-2472E44184E6}.Debug|Any CPU.ActiveCfg = Debug|Any CPU
		{BADC0EE6-4E5A-4B22-A0D5-2472E44184E6}.Debug|Any CPU.Build.0 = Debug|Any CPU
		{BADC0EE6-4E5A-4B22-A0D5-2472E44184E6}.Release|Any CPU.ActiveCfg = Release|Any CPU
		{BADC0EE6-4E5A-4B22-A0D5-2472E44184E6}.Release|Any CPU.Build.0 = Release|Any CPU
	EndGlobalSection
	GlobalSection(SolutionProperties) = preSolution
		HideSolutionNode = FALSE
	EndGlobalSection
	GlobalSection(ExtensibilityGlobals) = postSolution
		SolutionGuid = {9C2013D6-7879-4221-B060-30574BE29A33}
	EndGlobalSection
EndGlobal
